
Microsoft Visual Studio Solution File, Format Version 12.00
# Visual Studio Version 16
VisualStudioVersion = 16.0.33423.256
MinimumVisualStudioVersion = 10.0.40219.1
Project("{FAE04EC0-301F-11D3-BF4B-00C04F79EFBC}") = "MeFacts.Android", "MeFacts.Android\MeFacts.Android.csproj", "{56577C50-03CF-4215-9BB6-916CB00148C1}"
EndProject
Project("{FAE04EC0-301F-11D3-BF4B-00C04F79EFBC}") = "MeFacts", "MeFacts\MeFacts.csproj", "{DE02CCEC-E4C0-445A-B7D2-CB88027C12F8}"
EndProject
Global
	GlobalSection(SolutionConfigurationPlatforms) = preSolution
		Debug|Any CPU = Debug|Any CPU
		Release|Any CPU = Release|Any CPU
	EndGlobalSection
	GlobalSection(ProjectConfigurationPlatforms) = postSolution
		{56577C50-03CF-4215-9BB6-916CB00148C1}.Debug|Any CPU.ActiveCfg = Debug|Any CPU
		{56577C50-03CF-4215-9BB6-916CB00148C1}.Debug|Any CPU.Build.0 = Debug|Any CPU
		{56577C50-03CF-4215-9BB6-916CB00148C1}.Debug|Any CPU.Deploy.0 = Debug|Any CPU
		{56577C50-03CF-4215-9BB6-916CB00148C1}.Release|Any CPU.ActiveCfg = Release|Any CPU
		{56577C50-03CF-4215-9BB6-916CB00148C1}.Release|Any CPU.Build.0 = Release|Any CPU
		{56577C50-03CF-4215-9BB6-916CB00148C1}.Release|Any CPU.Deploy.0 = Release|Any CPU
		{DE02CCEC-E4C0-445A-B7D2-CB88027C12F8}.Debug|Any CPU.ActiveCfg = Debug|Any CPU
		{DE02CCEC-E4C0-445A-B7D2-CB88027C12F8}.Debug|Any CPU.Build.0 = Debug|Any CPU
		{DE02CCEC-E4C0-445A-B7D2-CB88027C12F8}.Debug|Any CPU.Deploy.0 = Debug|Any CPU
		{DE02CCEC-E4C0-445A-B7D2-CB88027C12F8}.Release|Any CPU.ActiveCfg = Release|Any CPU
		{DE02CCEC-E4C0-445A-B7D2-CB88027C12F8}.Release|Any CPU.Build.0 = Release|Any CPU
		{DE02CCEC-E4C0-445A-B7D2-CB88027C12F8}.Release|Any CPU.Deploy.0 = Release|Any CPU
	EndGlobalSection
	GlobalSection(SolutionProperties) = preSolution
		HideSolutionNode = FALSE
	EndGlobalSection
	GlobalSection(ExtensibilityGlobals) = postSolution
		SolutionGuid = {1CF59272-8CB1-47BA-B9FA-EADEE1979740}
	EndGlobalSection
EndGlobal
